// !$*UTF8*$!
{
	archiveVersion = 1;
	classes = {
	};
	objectVersion = 77;
	objects = {

/* Begin PBXContainerItemProxy section */
		D59C47452CBAC583008D72F6 /* PBXContainerItemProxy */ = {
			isa = PBXContainerItemProxy;
			containerPortal = D59C47262CBAC581008D72F6 /* Project object */;
			proxyType = 1;
			remoteGlobalIDString = D59C472D2CBAC581008D72F6;
			remoteInfo = BankingSystem;
		};
		D59C474F2CBAC583008D72F6 /* PBXContainerItemProxy */ = {
			isa = PBXContainerItemProxy;
			containerPortal = D59C47262CBAC581008D72F6 /* Project object */;
			proxyType = 1;
			remoteGlobalIDString = D59C472D2CBAC581008D72F6;
			remoteInfo = BankingSystem;
		};
/* End PBXContainerItemProxy section */

/* Begin PBXFileReference section */
		D59C472E2CBAC581008D72F6 /* BankingSystem.app */ = {isa = PBXFileReference; explicitFileType = wrapper.application; includeInIndex = 0; path = BankingSystem.app; sourceTree = BUILT_PRODUCTS_DIR; };
		D59C47442CBAC583008D72F6 /* BankingSystemTests.xctest */ = {isa = PBXFileReference; explicitFileType = wrapper.cfbundle; includeInIndex = 0; path = BankingSystemTests.xctest; sourceTree = BUILT_PRODUCTS_DIR; };
		D59C474E2CBAC583008D72F6 /* BankingSystemUITests.xctest */ = {isa = PBXFileReference; explicitFileType = wrapper.cfbundle; includeInIndex = 0; path = BankingSystemUITests.xctest; sourceTree = BUILT_PRODUCTS_DIR; };
/* End PBXFileReference section */

/* Begin PBXFileSystemSynchronizedBuildFileExceptionSet section */
		D59C47562CBAC583008D72F6 /* Exceptions for "BankingSystem" folder in "BankingSystem" target */ = {
			isa = PBXFileSystemSynchronizedBuildFileExceptionSet;
			membershipExceptions = (
				Info.plist,
			);
			target = D59C472D2CBAC581008D72F6 /* BankingSystem */;
		};
/* End PBXFileSystemSynchronizedBuildFileExceptionSet section */

/* Begin PBXFileSystemSynchronizedRootGroup section */
		D59C47302CBAC581008D72F6 /* BankingSystem */ = {
			isa = PBXFileSystemSynchronizedRootGroup;
			exceptions = (
				D59C47562CBAC583008D72F6 /* Exceptions for "BankingSystem" folder in "BankingSystem" target */,
			);
			path = BankingSystem;
			sourceTree = "<group>";
		};
		D59C47472CBAC583008D72F6 /* BankingSystemTests */ = {
			isa = PBXFileSystemSynchronizedRootGroup;
			path = BankingSystemTests;
			sourceTree = "<group>";
		};
		D59C47512CBAC583008D72F6 /* BankingSystemUITests */ = {
			isa = PBXFileSystemSynchronizedRootGroup;
			path = BankingSystemUITests;
			sourceTree = "<group>";
		};
/* End PBXFileSystemSynchronizedRootGroup section */

/* Begin PBXFrameworksBuildPhase section */
		D59C472B2CBAC581008D72F6 /* Frameworks */ = {
			isa = PBXFrameworksBuildPhase;
			buildActionMask = 2147483647;
			files = (
			);
			runOnlyForDeploymentPostprocessing = 0;
		};
		D59C47412CBAC583008D72F6 /* Frameworks */ = {
			isa = PBXFrameworksBuildPhase;
			buildActionMask = 2147483647;
			files = (
			);
			runOnlyForDeploymentPostprocessing = 0;
		};
		D59C474B2CBAC583008D72F6 /* Frameworks */ = {
			isa = PBXFrameworksBuildPhase;
			buildActionMask = 2147483647;
			files = (
			);
			runOnlyForDeploymentPostprocessing = 0;
		};
/* End PBXFrameworksBuildPhase section */

/* Begin PBXGroup section */
		D59C47252CBAC581008D72F6 = {
			isa = PBXGroup;
			children = (
				D59C47302CBAC581008D72F6 /* BankingSystem */,
				D59C47472CBAC583008D72F6 /* BankingSystemTests */,
				D59C47512CBAC583008D72F6 /* BankingSystemUITests */,
				D59C472F2CBAC581008D72F6 /* Products */,
			);
			sourceTree = "<group>";
		};
		D59C472F2CBAC581008D72F6 /* Products */ = {
			isa = PBXGroup;
			children = (
				D59C472E2CBAC581008D72F6 /* BankingSystem.app */,
				D59C47442CBAC583008D72F6 /* BankingSystemTests.xctest */,
				D59C474E2CBAC583008D72F6 /* BankingSystemUITests.xctest */,
			);
			name = Products;
			sourceTree = "<group>";
		};
/* End PBXGroup section */

/* Begin PBXNativeTarget section */
		D59C472D2CBAC581008D72F6 /* BankingSystem */ = {
			isa = PBXNativeTarget;
			buildConfigurationList = D59C47572CBAC583008D72F6 /* Build configuration list for PBXNativeTarget "BankingSystem" */;
			buildPhases = (
				D59C472A2CBAC581008D72F6 /* Sources */,
				D59C472B2CBAC581008D72F6 /* Frameworks */,
				D59C472C2CBAC581008D72F6 /* Resources */,
			);
			buildRules = (
			);
			dependencies = (
			);
			fileSystemSynchronizedGroups = (
				D59C47302CBAC581008D72F6 /* BankingSystem */,
			);
			name = BankingSystem;
			packageProductDependencies = (
			);
			productName = BankingSystem;
			productReference = D59C472E2CBAC581008D72F6 /* BankingSystem.app */;
			productType = "com.apple.product-type.application";
		};
		D59C47432CBAC583008D72F6 /* BankingSystemTests */ = {
			isa = PBXNativeTarget;
			buildConfigurationList = D59C475C2CBAC583008D72F6 /* Build configuration list for PBXNativeTarget "BankingSystemTests" */;
			buildPhases = (
				D59C47402CBAC583008D72F6 /* Sources */,
				D59C47412CBAC583008D72F6 /* Frameworks */,
				D59C47422CBAC583008D72F6 /* Resources */,
			);
			buildRules = (
			);
			dependencies = (
				D59C47462CBAC583008D72F6 /* PBXTargetDependency */,
			);
			fileSystemSynchronizedGroups = (
				D59C47472CBAC583008D72F6 /* BankingSystemTests */,
			);
			name = BankingSystemTests;
			packageProductDependencies = (
			);
			productName = BankingSystemTests;
			productReference = D59C47442CBAC583008D72F6 /* BankingSystemTests.xctest */;
			productType = "com.apple.product-type.bundle.unit-test";
		};
		D59C474D2CBAC583008D72F6 /* BankingSystemUITests */ = {
			isa = PBXNativeTarget;
			buildConfigurationList = D59C475F2CBAC583008D72F6 /* Build configuration list for PBXNativeTarget "BankingSystemUITests" */;
			buildPhases = (
				D59C474A2CBAC583008D72F6 /* Sources */,
				D59C474B2CBAC583008D72F6 /* Frameworks */,
				D59C474C2CBAC583008D72F6 /* Resources */,
			);
			buildRules = (
			);
			dependencies = (
				D59C47502CBAC583008D72F6 /* PBXTargetDependency */,
			);
			fileSystemSynchronizedGroups = (
				D59C47512CBAC583008D72F6 /* BankingSystemUITests */,
			);
			name = BankingSystemUITests;
			packageProductDependencies = (
			);
			productName = BankingSystemUITests;
			productReference = D59C474E2CBAC583008D72F6 /* BankingSystemUITests.xctest */;
			productType = "com.apple.product-type.bundle.ui-testing";
		};
/* End PBXNativeTarget section */

/* Begin PBXProject section */
		D59C47262CBAC581008D72F6 /* Project object */ = {
			isa = PBXProject;
			attributes = {
				BuildIndependentTargetsInParallel = 1;
				LastSwiftUpdateCheck = 1600;
				LastUpgradeCheck = 1600;
				TargetAttributes = {
					D59C472D2CBAC581008D72F6 = {
						CreatedOnToolsVersion = 16.0;
						LastSwiftMigration = 1600;
					};
					D59C47432CBAC583008D72F6 = {
						CreatedOnToolsVersion = 16.0;
						TestTargetID = D59C472D2CBAC581008D72F6;
					};
					D59C474D2CBAC583008D72F6 = {
						CreatedOnToolsVersion = 16.0;
						TestTargetID = D59C472D2CBAC581008D72F6;
					};
				};
			};
			buildConfigurationList = D59C47292CBAC581008D72F6 /* Build configuration list for PBXProject "BankingSystem" */;
			developmentRegion = en;
			hasScannedForEncodings = 0;
			knownRegions = (
				en,
				Base,
			);
			mainGroup = D59C47252CBAC581008D72F6;
			minimizedProjectReferenceProxies = 1;
			preferredProjectObjectVersion = 77;
			productRefGroup = D59C472F2CBAC581008D72F6 /* Products */;
			projectDirPath = "";
			projectRoot = "";
			targets = (
				D59C472D2CBAC581008D72F6 /* BankingSystem */,
				D59C47432CBAC583008D72F6 /* BankingSystemTests */,
				D59C474D2CBAC583008D72F6 /* BankingSystemUITests */,
			);
		};
/* End PBXProject section */

/* Begin PBXResourcesBuildPhase section */
		D59C472C2CBAC581008D72F6 /* Resources */ = {
			isa = PBXResourcesBuildPhase;
			buildActionMask = 2147483647;
			files = (
			);
			runOnlyForDeploymentPostprocessing = 0;
		};
		D59C47422CBAC583008D72F6 /* Resources */ = {
			isa = PBXResourcesBuildPhase;
			buildActionMask = 2147483647;
			files = (
			);
			runOnlyForDeploymentPostprocessing = 0;
		};
		D59C474C2CBAC583008D72F6 /* Resources */ = {
			isa = PBXResourcesBuildPhase;
			buildActionMask = 2147483647;
			files = (
			);
			runOnlyForDeploymentPostprocessing = 0;
		};
/* End PBXResourcesBuildPhase section */

/* Begin PBXSourcesBuildPhase section */
		D59C472A2CBAC581008D72F6 /* Sources */ = {
			isa = PBXSourcesBuildPhase;
			buildActionMask = 2147483647;
			files = (
			);
			runOnlyForDeploymentPostprocessing = 0;
		};
		D59C47402CBAC583008D72F6 /* Sources */ = {
			isa = PBXSourcesBuildPhase;
			buildActionMask = 2147483647;
			files = (
			);
			runOnlyForDeploymentPostprocessing = 0;
		};
		D59C474A2CBAC583008D72F6 /* Sources */ = {
			isa = PBXSourcesBuildPhase;
			buildActionMask = 2147483647;
			files = (
			);
			runOnlyForDeploymentPostprocessing = 0;
		};
/* End PBXSourcesBuildPhase section */

/* Begin PBXTargetDependency section */
		D59C47462CBAC583008D72F6 /* PBXTargetDependency */ = {
			isa = PBXTargetDependency;
			target = D59C472D2CBAC581008D72F6 /* BankingSystem */;
			targetProxy = D59C47452CBAC583008D72F6 /* PBXContainerItemProxy */;
		};
		D59C47502CBAC583008D72F6 /* PBXTargetDependency */ = {
			isa = PBXTargetDependency;
			target = D59C472D2CBAC581008D72F6 /* BankingSystem */;
			targetProxy = D59C474F2CBAC583008D72F6 /* PBXContainerItemProxy */;
		};
/* End PBXTargetDependency section */

/* Begin XCBuildConfiguration section */
		D59C47582CBAC583008D72F6 /* Debug */ = {
			isa = XCBuildConfiguration;
			buildSettings = {
				ASSETCATALOG_COMPILER_APPICON_NAME = AppIcon;
				ASSETCATALOG_COMPILER_GLOBAL_ACCENT_COLOR_NAME = AccentColor;
				CLANG_ENABLE_MODULES = YES;
				CODE_SIGN_STYLE = Automatic;
				CURRENT_PROJECT_VERSION = 1;
				DEVELOPMENT_TEAM = U86M896LJ8;
				GENERATE_INFOPLIST_FILE = YES;
				INFOPLIST_FILE = BankingSystem/Info.plist;
				INFOPLIST_KEY_UIApplicationSupportsIndirectInputEvents = YES;
				INFOPLIST_KEY_UILaunchStoryboardName = LaunchScreen;
				INFOPLIST_KEY_UIMainStoryboardFile = Main;
				INFOPLIST_KEY_UISupportedInterfaceOrientations_iPad = "UIInterfaceOrientationPortrait UIInterfaceOrientationPortraitUpsideDown UIInterfaceOrientationLandscapeLeft UIInterfaceOrientationLandscapeRight";
				INFOPLIST_KEY_UISupportedInterfaceOrientations_iPhone = "UIInterfaceOrientationPortrait UIInterfaceOrientationLandscapeLeft UIInterfaceOrientationLandscapeRight";
				IPHONEOS_DEPLOYMENT_TARGET = 18.0;
				LD_RUNPATH_SEARCH_PATHS = (
					"$(inherited)",
					"@executable_path/Frameworks",
				);
				MARKETING_VERSION = 1.0;
				PRODUCT_BUNDLE_IDENTIFIER = LuX.BankingSystem;
				PRODUCT_NAME = "$(TARGET_NAME)";
				SWIFT_EMIT_LOC_STRINGS = YES;
				SWIFT_OPTIMIZATION_LEVEL = "-Onone";
				SWIFT_VERSION = 5.0;
				TARGETED_DEVICE_FAMILY = "1,2";
			};
			name = Debug;
		};
		D59C47592CBAC583008D72F6 /* Release */ = {
			isa = XCBuildConfiguration;
			buildSettings = {
				ASSETCATALOG_COMPILER_APPICON_NAME = AppIcon;
				ASSETCATALOG_COMPILER_GLOBAL_ACCENT_COLOR_NAME = AccentColor;
				CLANG_ENABLE_MODULES = YES;
				CODE_SIGN_STYLE = Automatic;
				CURRENT_PROJECT_VERSION = 1;
				DEVELOPMENT_TEAM = U86M896LJ8;
				GENERATE_INFOPLIST_FILE = YES;
				INFOPLIST_FILE = BankingSystem/Info.plist;
				INFOPLIST_KEY_UIApplicationSupportsIndirectInputEvents = YES;
				INFOPLIST_KEY_UILaunchStoryboardName = LaunchScreen;
				INFOPLIST_KEY_UIMainStoryboardFile = Main;
				INFOPLIST_KEY_UISupportedInterfaceOrientations_iPad = "UIInterfaceOrientationPortrait UIInterfaceOrientationPortraitUpsideDown UIInterfaceOrientationLandscapeLeft UIInterfaceOrientationLandscapeRight";
				INFOPLIST_KEY_UISupportedInterfaceOrientations_iPhone = "UIInterfaceOrientationPortrait UIInterfaceOrientationLandscapeLeft UIInterfaceOrientationLandscapeRight";
				IPHONEOS_DEPLOYMENT_TARGET = 18.0;
				LD_RUNPATH_SEARCH_PATHS = (
					"$(inherited)",
					"@executable_path/Frameworks",
				);
				MARKETING_VERSION = 1.0;
				PRODUCT_BUNDLE_IDENTIFIER = LuX.BankingSystem;
				PRODUCT_NAME = "$(TARGET_NAME)";
				SWIFT_EMIT_LOC_STRINGS = YES;
				SWIFT_VERSION = 5.0;
				TARGETED_DEVICE_FAMILY = "1,2";
			};
			name = Release;
		};
		D59C475A2CBAC583008D72F6 /* Debug */ = {
			isa = XCBuildConfiguration;
			buildSettings = {
				ALWAYS_SEARCH_USER_PATHS = NO;
				ASSETCATALOG_COMPILER_GENERATE_SWIFT_ASSET_SYMBOL_EXTENSIONS = YES;
				CLANG_ANALYZER_NONNULL = YES;
				CLANG_ANALYZER_NUMBER_OBJECT_CONVERSION = YES_AGGRESSIVE;
				CLANG_CXX_LANGUAGE_STANDARD = "gnu++20";
				CLANG_ENABLE_MODULES = YES;
				CLANG_ENABLE_OBJC_ARC = YES;
				CLANG_ENABLE_OBJC_WEAK = YES;
				CLANG_WARN_BLOCK_CAPTURE_AUTORELEASING = YES;
				CLANG_WARN_BOOL_CONVERSION = YES;
				CLANG_WARN_COMMA = YES;
				CLANG_WARN_CONSTANT_CONVERSION = YES;
				CLANG_WARN_DEPRECATED_OBJC_IMPLEMENTATIONS = YES;
				CLANG_WARN_DIRECT_OBJC_ISA_USAGE = YES_ERROR;
				CLANG_WARN_DOCUMENTATION_COMMENTS = YES;
				CLANG_WARN_EMPTY_BODY = YES;
				CLANG_WARN_ENUM_CONVERSION = YES;
				CLANG_WARN_INFINITE_RECURSION = YES;
				CLANG_WARN_INT_CONVERSION = YES;
				CLANG_WARN_NON_LITERAL_NULL_CONVERSION = YES;
				CLANG_WARN_OBJC_IMPLICIT_RETAIN_SELF = YES;
				CLANG_WARN_OBJC_LITERAL_CONVERSION = YES;
				CLANG_WARN_OBJC_ROOT_CLASS = YES_ERROR;
				CLANG_WARN_QUOTED_INCLUDE_IN_FRAMEWORK_HEADER = YES;
				CLANG_WARN_RANGE_LOOP_ANALYSIS = YES;
				CLANG_WARN_STRICT_PROTOTYPES = YES;
				CLANG_WARN_SUSPICIOUS_MOVE = YES;
				CLANG_WARN_UNGUARDED_AVAILABILITY = YES_AGGRESSIVE;
				CLANG_WARN_UNREACHABLE_CODE = YES;
				CLANG_WARN__DUPLICATE_METHOD_MATCH = YES;
				COPY_PHASE_STRIP = NO;
				DEBUG_INFORMATION_FORMAT = dwarf;
				ENABLE_STRICT_OBJC_MSGSEND = YES;
				ENABLE_TESTABILITY = YES;
				ENABLE_USER_SCRIPT_SANDBOXING = YES;
				GCC_C_LANGUAGE_STANDARD = gnu17;
				GCC_DYNAMIC_NO_PIC = NO;
				GCC_NO_COMMON_BLOCKS = YES;
				GCC_OPTIMIZATION_LEVEL = 0;
				GCC_PREPROCESSOR_DEFINITIONS = (
					"DEBUG=1",
					"$(inherited)",
				);
				GCC_WARN_64_TO_32_BIT_CONVERSION = YES;
				GCC_WARN_ABOUT_RETURN_TYPE = YES_ERROR;
				GCC_WARN_UNDECLARED_SELECTOR = YES;
				GCC_WARN_UNINITIALIZED_AUTOS = YES_AGGRESSIVE;
				GCC_WARN_UNUSED_FUNCTION = YES;
				GCC_WARN_UNUSED_VARIABLE = YES;
				IPHONEOS_DEPLOYMENT_TARGET = 18.0;
				LOCALIZATION_PREFERS_STRING_CATALOGS = YES;
				MTL_ENABLE_DEBUG_INFO = INCLUDE_SOURCE;
				MTL_FAST_MATH = YES;
				ONLY_ACTIVE_ARCH = YES;
				SDKROOT = iphoneos;
				SWIFT_ACTIVE_COMPILATION_CONDITIONS = "DEBUG $(inherited)";
				SWIFT_OPTIMIZATION_LEVEL = "-Onone";
			};
			name = Debug;
		};
		D59C475B2CBAC583008D72F6 /* Release */ = {
			isa = XCBuildConfiguration;
			buildSettings = {
				ALWAYS_SEARCH_USER_PATHS = NO;
				ASSETCATALOG_COMPILER_GENERATE_SWIFT_ASSET_SYMBOL_EXTENSIONS = YES;
				CLANG_ANALYZER_NONNULL = YES;
				CLANG_ANALYZER_NUMBER_OBJECT_CONVERSION = YES_AGGRESSIVE;
				CLANG_CXX_LANGUAGE_STANDARD = "gnu++20";
				CLANG_ENABLE_MODULES = YES;
				CLANG_ENABLE_OBJC_ARC = YES;
				CLANG_ENABLE_OBJC_WEAK = YES;
				CLANG_WARN_BLOCK_CAPTURE_AUTORELEASING = YES;
				CLANG_WARN_BOOL_CONVERSION = YES;
				CLANG_WARN_COMMA = YES;
				CLANG_WARN_CONSTANT_CONVERSION = YES;
				CLANG_WARN_DEPRECATED_OBJC_IMPLEMENTATIONS = YES;
				CLANG_WARN_DIRECT_OBJC_ISA_USAGE = YES_ERROR;
				CLANG_WARN_DOCUMENTATION_COMMENTS = YES;
				CLANG_WARN_EMPTY_BODY = YES;
				CLANG_WARN_ENUM_CONVERSION = YES;
				CLANG_WARN_INFINITE_RECURSION = YES;
				CLANG_WARN_INT_CONVERSION = YES;
				CLANG_WARN_NON_LITERAL_NULL_CONVERSION = YES;
				CLANG_WARN_OBJC_IMPLICIT_RETAIN_SELF = YES;
				CLANG_WARN_OBJC_LITERAL_CONVERSION = YES;
				CLANG_WARN_OBJC_ROOT_CLASS = YES_ERROR;
				CLANG_WARN_QUOTED_INCLUDE_IN_FRAMEWORK_HEADER = YES;
				CLANG_WARN_RANGE_LOOP_ANALYSIS = YES;
				CLANG_WARN_STRICT_PROTOTYPES = YES;
				CLANG_WARN_SUSPICIOUS_MOVE = YES;
				CLANG_WARN_UNGUARDED_AVAILABILITY = YES_AGGRESSIVE;
				CLANG_WARN_UNREACHABLE_CODE = YES;
				CLANG_WARN__DUPLICATE_METHOD_MATCH = YES;
				COPY_PHASE_STRIP = NO;
				DEBUG_INFORMATION_FORMAT = "dwarf-with-dsym";
				ENABLE_NS_ASSERTIONS = NO;
				ENABLE_STRICT_OBJC_MSGSEND = YES;
				ENABLE_USER_SCRIPT_SANDBOXING = YES;
				GCC_C_LANGUAGE_STANDARD = gnu17;
				GCC_NO_COMMON_BLOCKS = YES;
				GCC_WARN_64_TO_32_BIT_CONVERSION = YES;
				GCC_WARN_ABOUT_RETURN_TYPE = YES_ERROR;
				GCC_WARN_UNDECLARED_SELECTOR = YES;
				GCC_WARN_UNINITIALIZED_AUTOS = YES_AGGRESSIVE;
				GCC_WARN_UNUSED_FUNCTION = YES;
				GCC_WARN_UNUSED_VARIABLE = YES;
				IPHONEOS_DEPLOYMENT_TARGET = 18.0;
				LOCALIZATION_PREFERS_STRING_CATALOGS = YES;
				MTL_ENABLE_DEBUG_INFO = NO;
				MTL_FAST_MATH = YES;
				SDKROOT = iphoneos;
				SWIFT_COMPILATION_MODE = wholemodule;
				VALIDATE_PRODUCT = YES;
			};
			name = Release;
		};
		D59C475D2CBAC583008D72F6 /* Debug */ = {
			isa = XCBuildConfiguration;
			buildSettings = {
				BUNDLE_LOADER = "$(TEST_HOST)";
				CODE_SIGN_STYLE = Automatic;
				CURRENT_PROJECT_VERSION = 1;
				DEVELOPMENT_TEAM = U86M896LJ8;
				GENERATE_INFOPLIST_FILE = YES;
				IPHONEOS_DEPLOYMENT_TARGET = 18.0;
				MARKETING_VERSION = 1.0;
				PRODUCT_BUNDLE_IDENTIFIER = LuX.BankingSystemTests;
				PRODUCT_NAME = "$(TARGET_NAME)";
				SWIFT_EMIT_LOC_STRINGS = NO;
				SWIFT_VERSION = 5.0;
				TARGETED_DEVICE_FAMILY = "1,2";
				TEST_HOST = "$(BUILT_PRODUCTS_DIR)/BankingSystem.app/$(BUNDLE_EXECUTABLE_FOLDER_PATH)/BankingSystem";
			};
			name = Debug;
		};
		D59C475E2CBAC583008D72F6 /* Release */ = {
			isa = XCBuildConfiguration;
			buildSettings = {
				BUNDLE_LOADER = "$(TEST_HOST)";
				CODE_SIGN_STYLE = Automatic;
				CURRENT_PROJECT_VERSION = 1;
				DEVELOPMENT_TEAM = U86M896LJ8;
				GENERATE_INFOPLIST_FILE = YES;
				IPHONEOS_DEPLOYMENT_TARGET = 18.0;
				MARKETING_VERSION = 1.0;
				PRODUCT_BUNDLE_IDENTIFIER = LuX.BankingSystemTests;
				PRODUCT_NAME = "$(TARGET_NAME)";
				SWIFT_EMIT_LOC_STRINGS = NO;
				SWIFT_VERSION = 5.0;
				TARGETED_DEVICE_FAMILY = "1,2";
				TEST_HOST = "$(BUILT_PRODUCTS_DIR)/BankingSystem.app/$(BUNDLE_EXECUTABLE_FOLDER_PATH)/BankingSystem";
			};
			name = Release;
		};
		D59C47602CBAC583008D72F6 /* Debug */ = {
			isa = XCBuildConfiguration;
			buildSettings = {
				CODE_SIGN_STYLE = Automatic;
				CURRENT_PROJECT_VERSION = 1;
				DEVELOPMENT_TEAM = U86M896LJ8;
				GENERATE_INFOPLIST_FILE = YES;
				MARKETING_VERSION = 1.0;
				PRODUCT_BUNDLE_IDENTIFIER = LuX.BankingSystemUITests;
				PRODUCT_NAME = "$(TARGET_NAME)";
				SWIFT_EMIT_LOC_STRINGS = NO;
				SWIFT_VERSION = 5.0;
				TARGETED_DEVICE_FAMILY = "1,2";
				TEST_TARGET_NAME = BankingSystem;
			};
			name = Debug;
		};
		D59C47612CBAC583008D72F6 /* Release */ = {
			isa = XCBuildConfiguration;
			buildSettings = {
				CODE_SIGN_STYLE = Automatic;
				CURRENT_PROJECT_VERSION = 1;
				DEVELOPMENT_TEAM = U86M896LJ8;
				GENERATE_INFOPLIST_FILE = YES;
				MARKETING_VERSION = 1.0;
				PRODUCT_BUNDLE_IDENTIFIER = LuX.BankingSystemUITests;
				PRODUCT_NAME = "$(TARGET_NAME)";
				SWIFT_EMIT_LOC_STRINGS = NO;
				SWIFT_VERSION = 5.0;
				TARGETED_DEVICE_FAMILY = "1,2";
				TEST_TARGET_NAME = BankingSystem;
			};
			name = Release;
		};
/* End XCBuildConfiguration section */

/* Begin XCConfigurationList section */
		D59C47292CBAC581008D72F6 /* Build configuration list for PBXProject "BankingSystem" */ = {
			isa = XCConfigurationList;
			buildConfigurations = (
				D59C475A2CBAC583008D72F6 /* Debug */,
				D59C475B2CBAC583008D72F6 /* Release */,
			);
			defaultConfigurationIsVisible = 0;
			defaultConfigurationName = Release;
		};
		D59C47572CBAC583008D72F6 /* Build configuration list for PBXNativeTarget "BankingSystem" */ = {
			isa = XCConfigurationList;
			buildConfigurations = (
				D59C47582CBAC583008D72F6 /* Debug */,
				D59C47592CBAC583008D72F6 /* Release */,
			);
			defaultConfigurationIsVisible = 0;
			defaultConfigurationName = Release;
		};
		D59C475C2CBAC583008D72F6 /* Build configuration list for PBXNativeTarget "BankingSystemTests" */ = {
			isa = XCConfigurationList;
			buildConfigurations = (
				D59C475D2CBAC583008D72F6 /* Debug */,
				D59C475E2CBAC583008D72F6 /* Release */,
			);
			defaultConfigurationIsVisible = 0;
			defaultConfigurationName = Release;
		};
		D59C475F2CBAC583008D72F6 /* Build configuration list for PBXNativeTarget "BankingSystemUITests" */ = {
			isa = XCConfigurationList;
			buildConfigurations = (
				D59C47602CBAC583008D72F6 /* Debug */,
				D59C47612CBAC583008D72F6 /* Release */,
			);
			defaultConfigurationIsVisible = 0;
			defaultConfigurationName = Release;
		};
/* End XCConfigurationList section */
	};
	rootObject = D59C47262CBAC581008D72F6 /* Project object */;
}
